{
  "name": "haraka_local",
  "version": "0.0.1",
  "lockfileVersion": 1,
  "requires": true,
  "dependencies": {
    "amqp": {
      "version": "0.2.7",
      "resolved": "https://registry.npmjs.org/amqp/-/amqp-0.2.7.tgz",
      "integrity": "sha512-AtXW9QEhSf2diJHn4Fmeo9Zdb1LMyEer6dUCOxzjEb7Fxh3CBgad3nmB8LTXDYsDRbdRfHruGCFYG7T+4qilww==",
      "requires": {
        "lodash": "^4.0.0"
      }
    },
    "haraka-dsn": {
      "version": "1.0.4",
      "resolved": "https://registry.npmjs.org/haraka-dsn/-/haraka-dsn-1.0.4.tgz",
      "integrity": "sha512-kageY7nJDWppDoZNM+EMYQEDLbRwxoFQaOiIpO2/UMZc+GV1vNmIJSIlmjRvB+yTPWedEo4bZRG+P7/jdQqSZw=="
    },
    "lodash": {
      "version": "4.17.21",
      "resolved": "https://registry.npmjs.org/lodash/-/lodash-4.17.21.tgz",
      "integrity": "sha512-v2kDEe57lecTulaDIuNTPy3Ry4gLGJ6Z1O3vE1krgXZNrsQ+LFTGHVxVjcXPs17LhbZVGedAJv8XZ1tvj5FvSg=="
    },
    "rabbitmq-client": {
      "version": "4.5.2",
      "resolved": "https://registry.npmjs.org/rabbitmq-client/-/rabbitmq-client-4.5.2.tgz",
      "integrity": "sha512-m0NzQ3UtMPDtHWhaGN7agtQ1RyJ+UAyuKlYfhRByZ9FqJWtGCyk2Z+1JL40cParKtk2ZS9uolkcxONan0ZcEqg=="
    }
  }
}
